
Microsoft Visual Studio Solution File, Format Version 12.00
# Visual Studio Version 17
VisualStudioVersion = 17.1.32228.430
MinimumVisualStudioVersion = 10.0.40219.1
Project("{FAE04EC0-301F-11D3-BF4B-00C04F79EFBC}") = "shutdown-restart-tool", "shutdown-restart-tool.csproj", "{30FFCDF9-CDF3-4897-9189-A00C97CD3001}"
EndProject
Global
	GlobalSection(SolutionConfigurationPlatforms) = preSolution
		Debug|Any CPU = Debug|Any CPU
		Release|Any CPU = Release|Any CPU
	EndGlobalSection
	GlobalSection(ProjectConfigurationPlatforms) = postSolution
		{30FFCDF9-CDF3-4897-9189-A00C97CD3001}.Debug|Any CPU.ActiveCfg = Debug|Any CPU
		{30FFCDF9-CDF3-4897-9189-A00C97CD3001}.Debug|Any CPU.Build.0 = Debug|Any CPU
		{30FFCDF9-CDF3-4897-9189-A00C97CD3001}.Release|Any CPU.ActiveCfg = Release|Any CPU
		{30FFCDF9-CDF3-4897-9189-A00C97CD3001}.Release|Any CPU.Build.0 = Release|Any CPU
	EndGlobalSection
	GlobalSection(SolutionProperties) = preSolution
		HideSolutionNode = FALSE
	EndGlobalSection
	GlobalSection(ExtensibilityGlobals) = postSolution
		SolutionGuid = {2141FAFC-D9D8-49F1-87A8-F813FDC1FBB2}
	EndGlobalSection
EndGlobal
